{
    "name": "node-red-project",
    "version": "0.0.1",
    "lockfileVersion": 2,
    "requires": true,
    "packages": {
        "": {
            "name": "node-red-project",
            "version": "0.0.1",
            "dependencies": {
                "node-red-contrib-deduplicate": "~0.2.0",
                "node-red-contrib-eztimer": "~1.2.7",
                "node-red-contrib-interval-length": "~0.0.6",
                "node-red-node-email": "~5.0.2"
            }
        },
        "node_modules/irregular-plurals": {
            "version": "1.4.0",
            "resolved": "https://registry.npmjs.org/irregular-plurals/-/irregular-plurals-1.4.0.tgz",
            "integrity": "sha1-LKmwM2UREYVUEvFr5dd8YqRYp2Y=",
            "engines": {
                "node": ">=0.10.0"
            }
        },
        "node_modules/lodash": {
            "version": "4.17.21",
            "resolved": "https://registry.npmjs.org/lodash/-/lodash-4.17.21.tgz",
            "integrity": "sha512-v2kDEe57lecTulaDIuNTPy3Ry4gLGJ6Z1O3vE1krgXZNrsQ+LFTGHVxVjcXPs17LhbZVGedAJv8XZ1tvj5FvSg=="
        },
        "node_modules/moment": {
            "version": "2.29.2",
            "resolved": "https://registry.npmjs.org/moment/-/moment-2.29.2.tgz",
            "integrity": "sha512-UgzG4rvxYpN15jgCmVJwac49h9ly9NurikMWGPdVxm8GZD6XjkKPxDTjQQ43gtGgnV3X0cAyWDdP2Wexoquifg==",
            "engines": {
                "node": "*"
            }
        },
        "node_modules/node-red-contrib-deduplicate": {
            "version": "0.2.0",
            "resolved": "https://registry.npmjs.org/node-red-contrib-deduplicate/-/node-red-contrib-deduplicate-0.2.0.tgz",
            "integrity": "sha1-m9VSNd0P3XiEm7UTkZBu3l9v4B0="
        },
        "node_modules/node-red-contrib-eztimer": {
            "version": "1.2.7",
            "resolved": "https://registry.npmjs.org/node-red-contrib-eztimer/-/node-red-contrib-eztimer-1.2.7.tgz",
            "integrity": "sha512-t/qad2dKnh58LKwSOB3MDOXwXipXvlTV/BUweLIcwfg80nJMKLJM95ncP4crzMT6dA19CN0qVrU24b7tOwoHyA==",
            "dependencies": {
                "lodash": "^4.17.10",
                "moment": "^2.22.1",
                "suncalc": "^1.8.0"
            }
        },
        "node_modules/node-red-contrib-interval-length": {
            "version": "0.0.6",
            "resolved": "https://registry.npmjs.org/node-red-contrib-interval-length/-/node-red-contrib-interval-length-0.0.6.tgz",
            "integrity": "sha512-KzInwsM93C7hPZQtrfEKZXM2Do206KYAl2Q1FyCs529Q9lO+aAnABd5ifGgOgCI6yLTbFWDVPZDW05h43e8UpA==",
            "dependencies": {
                "parse-ms": "1.0.1",
                "pretty-ms": "3.0.0"
            }
        },
        "node_modules/node-red-node-email": {
            "version": "5.0.2",
            "resolved": "https://registry.npmjs.org/node-red-node-email/-/node-red-node-email-5.0.2.tgz",
            "integrity": "sha512-gehbOWWdgr12uVmD+lN5QWzwn3dc7enk1JOvqQ+Hp7FHC6/6qACqAgAxlB6ZyW3hbmU1S4UgXcFTbbXE1T7POA==",
            "bundleDependencies": [
                "imap",
                "node-pop3",
                "mailparser",
                "nodemailer",
                "smtp-server"
            ],
            "dependencies": {
                "imap": "^0.8.19",
                "mailparser": "^3.9.0",
                "node-pop3": "^0.10.0",
                "nodemailer": "^7.0.11",
                "smtp-server": "^3.16.1"
            },
            "engines": {
                "node": ">=20.0.0"
            }
        },
        "node_modules/node-red-node-email/node_modules/@selderee/plugin-htmlparser2": {
            "version": "0.11.0",
            "inBundle": true,
            "license": "MIT",
            "dependencies": {
                "domhandler": "^5.0.3",
                "selderee": "^0.11.0"
            },
            "funding": {
                "url": "https://ko-fi.com/killymxi"
            }
        },
        "node_modules/node-red-node-email/node_modules/@zone-eu/mailsplit": {
            "version": "5.4.7",
            "inBundle": true,
            "license": "(MIT OR EUPL-1.1+)",
            "dependencies": {
                "libbase64": "1.3.0",
                "libmime": "5.3.7",
                "libqp": "2.1.1"
            }
        },
        "node_modules/node-red-node-email/node_modules/base32.js": {
            "version": "0.1.0",
            "inBundle": true,
            "license": "MIT",
            "engines": {
                "node": ">=0.12.0"
            }
        },
        "node_modules/node-red-node-email/node_modules/core-util-is": {
            "version": "1.0.3",
            "inBundle": true,
            "license": "MIT"
        },
        "node_modules/node-red-node-email/node_modules/deepmerge": {
            "version": "4.3.1",
            "inBundle": true,
            "license": "MIT",
            "engines": {
                "node": ">=0.10.0"
            }
        },
        "node_modules/node-red-node-email/node_modules/dom-serializer": {
            "version": "2.0.0",
            "inBundle": true,
            "license": "MIT",
            "dependencies": {
                "domelementtype": "^2.3.0",
                "domhandler": "^5.0.2",
                "entities": "^4.2.0"
            },
            "funding": {
                "url": "https://github.com/cheeriojs/dom-serializer?sponsor=1"
            }
        },
        "node_modules/node-red-node-email/node_modules/domelementtype": {
            "version": "2.3.0",
            "funding": [
                {
                    "type": "github",
                    "url": "https://github.com/sponsors/fb55"
                }
            ],
            "inBundle": true,
            "license": "BSD-2-Clause"
        },
        "node_modules/node-red-node-email/node_modules/domhandler": {
            "version": "5.0.3",
            "inBundle": true,
            "license": "BSD-2-Clause",
            "dependencies": {
                "domelementtype": "^2.3.0"
            },
            "engines": {
                "node": ">= 4"
            },
            "funding": {
                "url": "https://github.com/fb55/domhandler?sponsor=1"
            }
        },
        "node_modules/node-red-node-email/node_modules/domutils": {
            "version": "3.2.2",
            "inBundle": true,
            "license": "BSD-2-Clause",
            "dependencies": {
                "dom-serializer": "^2.0.0",
                "domelementtype": "^2.3.0",
                "domhandler": "^5.0.3"
            },
            "funding": {
                "url": "https://github.com/fb55/domutils?sponsor=1"
            }
        },
        "node_modules/node-red-node-email/node_modules/encoding-japanese": {
            "version": "2.2.0",
            "inBundle": true,
            "license": "MIT",
            "engines": {
                "node": ">=8.10.0"
            }
        },
        "node_modules/node-red-node-email/node_modules/entities": {
            "version": "4.5.0",
            "inBundle": true,
            "license": "BSD-2-Clause",
            "engines": {
                "node": ">=0.12"
            },
            "funding": {
                "url": "https://github.com/fb55/entities?sponsor=1"
            }
        },
        "node_modules/node-red-node-email/node_modules/he": {
            "version": "1.2.0",
            "inBundle": true,
            "license": "MIT",
            "bin": {
                "he": "bin/he"
            }
        },
        "node_modules/node-red-node-email/node_modules/html-to-text": {
            "version": "9.0.5",
            "inBundle": true,
            "license": "MIT",
            "dependencies": {
                "@selderee/plugin-htmlparser2": "^0.11.0",
                "deepmerge": "^4.3.1",
                "dom-serializer": "^2.0.0",
                "htmlparser2": "^8.0.2",
                "selderee": "^0.11.0"
            },
            "engines": {
                "node": ">=14"
            }
        },
        "node_modules/node-red-node-email/node_modules/htmlparser2": {
            "version": "8.0.2",
            "funding": [
                "https://github.com/fb55/htmlparser2?sponsor=1",
                {
                    "type": "github",
                    "url": "https://github.com/sponsors/fb55"
                }
            ],
            "inBundle": true,
            "license": "MIT",
            "dependencies": {
                "domelementtype": "^2.3.0",
                "domhandler": "^5.0.3",
                "domutils": "^3.0.1",
                "entities": "^4.4.0"
            }
        },
        "node_modules/node-red-node-email/node_modules/iconv-lite": {
            "version": "0.7.0",
            "inBundle": true,
            "license": "MIT",
            "dependencies": {
                "safer-buffer": ">= 2.1.2 < 3.0.0"
            },
            "engines": {
                "node": ">=0.10.0"
            },
            "funding": {
                "type": "opencollective",
                "url": "https://opencollective.com/express"
            }
        },
        "node_modules/node-red-node-email/node_modules/imap": {
            "version": "0.8.19",
            "inBundle": true,
            "dependencies": {
                "readable-stream": "1.1.x",
                "utf7": ">=1.0.2"
            },
            "engines": {
                "node": ">=0.8.0"
            }
        },
        "node_modules/node-red-node-email/node_modules/inherits": {
            "version": "2.0.4",
            "inBundle": true,
            "license": "ISC"
        },
        "node_modules/node-red-node-email/node_modules/ipv6-normalize": {
            "version": "1.0.1",
            "inBundle": true,
            "license": "MIT"
        },
        "node_modules/node-red-node-email/node_modules/isarray": {
            "version": "0.0.1",
            "inBundle": true,
            "license": "MIT"
        },
        "node_modules/node-red-node-email/node_modules/leac": {
            "version": "0.6.0",
            "inBundle": true,
            "license": "MIT",
            "funding": {
                "url": "https://ko-fi.com/killymxi"
            }
        },
        "node_modules/node-red-node-email/node_modules/libbase64": {
            "version": "1.3.0",
            "inBundle": true,
            "license": "MIT"
        },
        "node_modules/node-red-node-email/node_modules/libmime": {
            "version": "5.3.7",
            "inBundle": true,
            "license": "MIT",
            "dependencies": {
                "encoding-japanese": "2.2.0",
                "iconv-lite": "0.6.3",
                "libbase64": "1.3.0",
                "libqp": "2.1.1"
            }
        },
        "node_modules/node-red-node-email/node_modules/libmime/node_modules/iconv-lite": {
            "version": "0.6.3",
            "inBundle": true,
            "license": "MIT",
            "dependencies": {
                "safer-buffer": ">= 2.1.2 < 3.0.0"
            },
            "engines": {
                "node": ">=0.10.0"
            }
        },
        "node_modules/node-red-node-email/node_modules/libqp": {
            "version": "2.1.1",
            "inBundle": true,
            "license": "MIT"
        },
        "node_modules/node-red-node-email/node_modules/linkify-it": {
            "version": "5.0.0",
            "inBundle": true,
            "license": "MIT",
            "dependencies": {
                "uc.micro": "^2.0.0"
            }
        },
        "node_modules/node-red-node-email/node_modules/mailparser": {
            "version": "3.9.0",
            "inBundle": true,
            "license": "MIT",
            "dependencies": {
                "@zone-eu/mailsplit": "5.4.7",
                "encoding-japanese": "2.2.0",
                "he": "1.2.0",
                "html-to-text": "9.0.5",
                "iconv-lite": "0.7.0",
                "libmime": "5.3.7",
                "linkify-it": "5.0.0",
                "nodemailer": "7.0.10",
                "punycode.js": "2.3.1",
                "tlds": "1.261.0"
            }
        },
        "node_modules/node-red-node-email/node_modules/mailparser/node_modules/nodemailer": {
            "version": "7.0.10",
            "inBundle": true,
            "license": "MIT-0",
            "engines": {
                "node": ">=6.0.0"
            }
        },
        "node_modules/node-red-node-email/node_modules/node-pop3": {
            "version": "0.10.0",
            "inBundle": true,
            "license": "MIT",
            "bin": {
                "pop": "bin/pop.js"
            },
            "engines": {
                "node": "^20.11.0 || >= 22.0.0"
            }
        },
        "node_modules/node-red-node-email/node_modules/nodemailer": {
            "version": "7.0.11",
            "inBundle": true,
            "license": "MIT-0",
            "engines": {
                "node": ">=6.0.0"
            }
        },
        "node_modules/node-red-node-email/node_modules/parseley": {
            "version": "0.12.1",
            "inBundle": true,
            "license": "MIT",
            "dependencies": {
                "leac": "^0.6.0",
                "peberminta": "^0.9.0"
            },
            "funding": {
                "url": "https://ko-fi.com/killymxi"
            }
        },
        "node_modules/node-red-node-email/node_modules/peberminta": {
            "version": "0.9.0",
            "inBundle": true,
            "license": "MIT",
            "funding": {
                "url": "https://ko-fi.com/killymxi"
            }
        },
        "node_modules/node-red-node-email/node_modules/punycode.js": {
            "version": "2.3.1",
            "inBundle": true,
            "license": "MIT",
            "engines": {
                "node": ">=6"
            }
        },
        "node_modules/node-red-node-email/node_modules/readable-stream": {
            "version": "1.1.14",
            "inBundle": true,
            "license": "MIT",
            "dependencies": {
                "core-util-is": "~1.0.0",
                "inherits": "~2.0.1",
                "isarray": "0.0.1",
                "string_decoder": "~0.10.x"
            }
        },
        "node_modules/node-red-node-email/node_modules/safer-buffer": {
            "version": "2.1.2",
            "inBundle": true,
            "license": "MIT"
        },
        "node_modules/node-red-node-email/node_modules/selderee": {
            "version": "0.11.0",
            "inBundle": true,
            "license": "MIT",
            "dependencies": {
                "parseley": "^0.12.0"
            },
            "funding": {
                "url": "https://ko-fi.com/killymxi"
            }
        },
        "node_modules/node-red-node-email/node_modules/semver": {
            "version": "5.7.2",
            "inBundle": true,
            "license": "ISC",
            "bin": {
                "semver": "bin/semver"
            }
        },
        "node_modules/node-red-node-email/node_modules/smtp-server": {
            "version": "3.16.1",
            "inBundle": true,
            "license": "MIT-0",
            "dependencies": {
                "base32.js": "0.1.0",
                "ipv6-normalize": "1.0.1",
                "nodemailer": "7.0.10",
                "punycode.js": "2.3.1"
            },
            "engines": {
                "node": ">=18.18.0"
            }
        },
        "node_modules/node-red-node-email/node_modules/smtp-server/node_modules/nodemailer": {
            "version": "7.0.10",
            "inBundle": true,
            "license": "MIT-0",
            "engines": {
                "node": ">=6.0.0"
            }
        },
        "node_modules/node-red-node-email/node_modules/string_decoder": {
            "version": "0.10.31",
            "inBundle": true,
            "license": "MIT"
        },
        "node_modules/node-red-node-email/node_modules/tlds": {
            "version": "1.261.0",
            "inBundle": true,
            "license": "MIT",
            "bin": {
                "tlds": "bin.js"
            }
        },
        "node_modules/node-red-node-email/node_modules/uc.micro": {
            "version": "2.1.0",
            "inBundle": true,
            "license": "MIT"
        },
        "node_modules/node-red-node-email/node_modules/utf7": {
            "version": "1.0.2",
            "inBundle": true,
            "dependencies": {
                "semver": "~5.3.0"
            }
        },
        "node_modules/parse-ms": {
            "version": "1.0.1",
            "resolved": "https://registry.npmjs.org/parse-ms/-/parse-ms-1.0.1.tgz",
            "integrity": "sha1-VjRtR0nXjyNDDKDHE4UK75GqNh0=",
            "engines": {
                "node": ">=0.10.0"
            }
        },
        "node_modules/plur": {
            "version": "2.1.2",
            "resolved": "https://registry.npmjs.org/plur/-/plur-2.1.2.tgz",
            "integrity": "sha1-dIJFLBoPUI4+NE6uwxLJHCncZVo=",
            "dependencies": {
                "irregular-plurals": "^1.0.0"
            },
            "engines": {
                "node": ">=0.10.0"
            }
        },
        "node_modules/pretty-ms": {
            "version": "3.0.0",
            "resolved": "https://registry.npmjs.org/pretty-ms/-/pretty-ms-3.0.0.tgz",
            "integrity": "sha1-8cwgKLZvX6c2rCPvV3A9fmhKsQE=",
            "dependencies": {
                "parse-ms": "^1.0.0",
                "plur": "^2.1.2"
            },
            "engines": {
                "node": ">=4"
            }
        },
        "node_modules/suncalc": {
            "version": "1.9.0",
            "resolved": "https://registry.npmjs.org/suncalc/-/suncalc-1.9.0.tgz",
            "integrity": "sha512-vMJ8Byp1uIPoj+wb9c1AdK4jpkSKVAywgHX0lqY7zt6+EWRRC3Z+0Ucfjy/0yxTVO1hwwchZe4uoFNqrIC24+A=="
        }
    },
    "dependencies": {
        "irregular-plurals": {
            "version": "1.4.0",
            "resolved": "https://registry.npmjs.org/irregular-plurals/-/irregular-plurals-1.4.0.tgz",
            "integrity": "sha1-LKmwM2UREYVUEvFr5dd8YqRYp2Y="
        },
        "lodash": {
            "version": "4.17.21",
            "resolved": "https://registry.npmjs.org/lodash/-/lodash-4.17.21.tgz",
            "integrity": "sha512-v2kDEe57lecTulaDIuNTPy3Ry4gLGJ6Z1O3vE1krgXZNrsQ+LFTGHVxVjcXPs17LhbZVGedAJv8XZ1tvj5FvSg=="
        },
        "moment": {
            "version": "2.29.2",
            "resolved": "https://registry.npmjs.org/moment/-/moment-2.29.2.tgz",
            "integrity": "sha512-UgzG4rvxYpN15jgCmVJwac49h9ly9NurikMWGPdVxm8GZD6XjkKPxDTjQQ43gtGgnV3X0cAyWDdP2Wexoquifg=="
        },
        "node-red-contrib-deduplicate": {
            "version": "0.2.0",
            "resolved": "https://registry.npmjs.org/node-red-contrib-deduplicate/-/node-red-contrib-deduplicate-0.2.0.tgz",
            "integrity": "sha1-m9VSNd0P3XiEm7UTkZBu3l9v4B0="
        },
        "node-red-contrib-eztimer": {
            "version": "1.2.7",
            "resolved": "https://registry.npmjs.org/node-red-contrib-eztimer/-/node-red-contrib-eztimer-1.2.7.tgz",
            "integrity": "sha512-t/qad2dKnh58LKwSOB3MDOXwXipXvlTV/BUweLIcwfg80nJMKLJM95ncP4crzMT6dA19CN0qVrU24b7tOwoHyA==",
            "requires": {
                "lodash": "^4.17.10",
                "moment": "^2.22.1",
                "suncalc": "^1.8.0"
            }
        },
        "node-red-contrib-interval-length": {
            "version": "0.0.6",
            "resolved": "https://registry.npmjs.org/node-red-contrib-interval-length/-/node-red-contrib-interval-length-0.0.6.tgz",
            "integrity": "sha512-KzInwsM93C7hPZQtrfEKZXM2Do206KYAl2Q1FyCs529Q9lO+aAnABd5ifGgOgCI6yLTbFWDVPZDW05h43e8UpA==",
            "requires": {
                "parse-ms": "1.0.1",
                "pretty-ms": "3.0.0"
            }
        },
        "node-red-node-email": {
            "version": "5.0.2",
            "resolved": "https://registry.npmjs.org/node-red-node-email/-/node-red-node-email-5.0.2.tgz",
            "integrity": "sha512-gehbOWWdgr12uVmD+lN5QWzwn3dc7enk1JOvqQ+Hp7FHC6/6qACqAgAxlB6ZyW3hbmU1S4UgXcFTbbXE1T7POA==",
            "requires": {
                "imap": "^0.8.19",
                "mailparser": "^3.9.0",
                "node-pop3": "^0.10.0",
                "nodemailer": "^7.0.11",
                "smtp-server": "^3.16.1"
            },
            "dependencies": {
                "@selderee/plugin-htmlparser2": {
                    "version": "0.11.0",
                    "bundled": true,
                    "requires": {
                        "domhandler": "^5.0.3",
                        "selderee": "^0.11.0"
                    }
                },
                "@zone-eu/mailsplit": {
                    "version": "5.4.7",
                    "bundled": true,
                    "requires": {
                        "libbase64": "1.3.0",
                        "libmime": "5.3.7",
                        "libqp": "2.1.1"
                    }
                },
                "base32.js": {
                    "version": "0.1.0",
                    "bundled": true
                },
                "core-util-is": {
                    "version": "1.0.3",
                    "bundled": true
                },
                "deepmerge": {
                    "version": "4.3.1",
                    "bundled": true
                },
                "dom-serializer": {
                    "version": "2.0.0",
                    "bundled": true,
                    "requires": {
                        "domelementtype": "^2.3.0",
                        "domhandler": "^5.0.2",
                        "entities": "^4.2.0"
                    }
                },
                "domelementtype": {
                    "version": "2.3.0",
                    "bundled": true
                },
                "domhandler": {
                    "version": "5.0.3",
                    "bundled": true,
                    "requires": {
                        "domelementtype": "^2.3.0"
                    }
                },
                "domutils": {
                    "version": "3.2.2",
                    "bundled": true,
                    "requires": {
                        "dom-serializer": "^2.0.0",
                        "domelementtype": "^2.3.0",
                        "domhandler": "^5.0.3"
                    }
                },
                "encoding-japanese": {
                    "version": "2.2.0",
                    "bundled": true
                },
                "entities": {
                    "version": "4.5.0",
                    "bundled": true
                },
                "he": {
                    "version": "1.2.0",
                    "bundled": true
                },
                "html-to-text": {
                    "version": "9.0.5",
                    "bundled": true,
                    "requires": {
                        "@selderee/plugin-htmlparser2": "^0.11.0",
                        "deepmerge": "^4.3.1",
                        "dom-serializer": "^2.0.0",
                        "htmlparser2": "^8.0.2",
                        "selderee": "^0.11.0"
                    }
                },
                "htmlparser2": {
                    "version": "8.0.2",
                    "bundled": true,
                    "requires": {
                        "domelementtype": "^2.3.0",
                        "domhandler": "^5.0.3",
                        "domutils": "^3.0.1",
                        "entities": "^4.4.0"
                    }
                },
                "iconv-lite": {
                    "version": "0.7.0",
                    "bundled": true,
                    "requires": {
                        "safer-buffer": ">= 2.1.2 < 3.0.0"
                    }
                },
                "imap": {
                    "version": "0.8.19",
                    "bundled": true,
                    "requires": {
                        "readable-stream": "1.1.x",
                        "utf7": ">=1.0.2"
                    }
                },
                "inherits": {
                    "version": "2.0.4",
                    "bundled": true
                },
                "ipv6-normalize": {
                    "version": "1.0.1",
                    "bundled": true
                },
                "isarray": {
                    "version": "0.0.1",
                    "bundled": true
                },
                "leac": {
                    "version": "0.6.0",
                    "bundled": true
                },
                "libbase64": {
                    "version": "1.3.0",
                    "bundled": true
                },
                "libmime": {
                    "version": "5.3.7",
                    "bundled": true,
                    "requires": {
                        "encoding-japanese": "2.2.0",
                        "iconv-lite": "0.6.3",
                        "libbase64": "1.3.0",
                        "libqp": "2.1.1"
                    },
                    "dependencies": {
                        "iconv-lite": {
                            "version": "0.6.3",
                            "bundled": true,
                            "requires": {
                                "safer-buffer": ">= 2.1.2 < 3.0.0"
                            }
                        }
                    }
                },
                "libqp": {
                    "version": "2.1.1",
                    "bundled": true
                },
                "linkify-it": {
                    "version": "5.0.0",
                    "bundled": true,
                    "requires": {
                        "uc.micro": "^2.0.0"
                    }
                },
                "mailparser": {
                    "version": "3.9.0",
                    "bundled": true,
                    "requires": {
                        "@zone-eu/mailsplit": "5.4.7",
                        "encoding-japanese": "2.2.0",
                        "he": "1.2.0",
                        "html-to-text": "9.0.5",
                        "iconv-lite": "0.7.0",
                        "libmime": "5.3.7",
                        "linkify-it": "5.0.0",
                        "nodemailer": "7.0.10",
                        "punycode.js": "2.3.1",
                        "tlds": "1.261.0"
                    },
                    "dependencies": {
                        "nodemailer": {
                            "version": "7.0.10",
                            "bundled": true
                        }
                    }
                },
                "node-pop3": {
                    "version": "0.10.0",
                    "bundled": true
                },
                "nodemailer": {
                    "version": "7.0.11",
                    "bundled": true
                },
                "parseley": {
                    "version": "0.12.1",
                    "bundled": true,
                    "requires": {
                        "leac": "^0.6.0",
                        "peberminta": "^0.9.0"
                    }
                },
                "peberminta": {
                    "version": "0.9.0",
                    "bundled": true
                },
                "punycode.js": {
                    "version": "2.3.1",
                    "bundled": true
                },
                "readable-stream": {
                    "version": "1.1.14",
                    "bundled": true,
                    "requires": {
                        "core-util-is": "~1.0.0",
                        "inherits": "~2.0.1",
                        "isarray": "0.0.1",
                        "string_decoder": "~0.10.x"
                    }
                },
                "safer-buffer": {
                    "version": "2.1.2",
                    "bundled": true
                },
                "selderee": {
                    "version": "0.11.0",
                    "bundled": true,
                    "requires": {
                        "parseley": "^0.12.0"
                    }
                },
                "semver": {
                    "version": "5.7.2",
                    "bundled": true
                },
                "smtp-server": {
                    "version": "3.16.1",
                    "bundled": true,
                    "requires": {
                        "base32.js": "0.1.0",
                        "ipv6-normalize": "1.0.1",
                        "nodemailer": "7.0.10",
                        "punycode.js": "2.3.1"
                    },
                    "dependencies": {
                        "nodemailer": {
                            "version": "7.0.10",
                            "bundled": true
                        }
                    }
                },
                "string_decoder": {
                    "version": "0.10.31",
                    "bundled": true
                },
                "tlds": {
                    "version": "1.261.0",
                    "bundled": true
                },
                "uc.micro": {
                    "version": "2.1.0",
                    "bundled": true
                },
                "utf7": {
                    "version": "1.0.2",
                    "bundled": true,
                    "requires": {
                        "semver": "^5.7.2"
                    }
                }
            }
        },
        "parse-ms": {
            "version": "1.0.1",
            "resolved": "https://registry.npmjs.org/parse-ms/-/parse-ms-1.0.1.tgz",
            "integrity": "sha1-VjRtR0nXjyNDDKDHE4UK75GqNh0="
        },
        "plur": {
            "version": "2.1.2",
            "resolved": "https://registry.npmjs.org/plur/-/plur-2.1.2.tgz",
            "integrity": "sha1-dIJFLBoPUI4+NE6uwxLJHCncZVo=",
            "requires": {
                "irregular-plurals": "^1.0.0"
            }
        },
        "pretty-ms": {
            "version": "3.0.0",
            "resolved": "https://registry.npmjs.org/pretty-ms/-/pretty-ms-3.0.0.tgz",
            "integrity": "sha1-8cwgKLZvX6c2rCPvV3A9fmhKsQE=",
            "requires": {
                "parse-ms": "^1.0.0",
                "plur": "^2.1.2"
            }
        },
        "suncalc": {
            "version": "1.9.0",
            "resolved": "https://registry.npmjs.org/suncalc/-/suncalc-1.9.0.tgz",
            "integrity": "sha512-vMJ8Byp1uIPoj+wb9c1AdK4jpkSKVAywgHX0lqY7zt6+EWRRC3Z+0Ucfjy/0yxTVO1hwwchZe4uoFNqrIC24+A=="
        }
    }
}
